
Microsoft Visual Studio Solution File, Format Version 12.00
# Visual Studio Version 16
VisualStudioVersion = 16.0.28407.52
MinimumVisualStudioVersion = 10.0.40219.1
Project("{2150E333-8FDC-42A3-9474-1A3956D46DE8}") = "Solution Items", "Solution Items", "{13F155EF-4411-4770-9E74-6CC22D04E066}"
	ProjectSection(SolutionItems) = preProject
		.editorconfig = .editorconfig
		.gitignore = .gitignore
		LICENSE = LICENSE
		README.md = README.md
	EndProjectSection
EndProject
Project("{9A19103F-16F7-4668-BE54-9A1E7A4F7556}") = "TimeTracker.Common", "TimeTracker.Common\TimeTracker.Common.csproj", "{2A3D90C6-CAFB-4619-BB54-9C045A22CD40}"
EndProject
Project("{9A19103F-16F7-4668-BE54-9A1E7A4F7556}") = "TimeTracker.Infrastructure", "TimeTracker.Infrastructure\TimeTracker.Infrastructure.csproj", "{D0B91126-2C3C-4F14-AE4C-8D3A9DB5F48F}"
EndProject
Project("{9A19103F-16F7-4668-BE54-9A1E7A4F7556}") = "TimeTracker.Timesheet.Domain", "TimeTracker.Timesheet.Domain\TimeTracker.Timesheet.Domain.csproj", "{01BBD002-3F1C-4E36-B71A-829C34B1DAD0}"
EndProject
Global
	GlobalSection(SolutionConfigurationPlatforms) = preSolution
		Debug|Any CPU = Debug|Any CPU
		Release|Any CPU = Release|Any CPU
	EndGlobalSection
	GlobalSection(ProjectConfigurationPlatforms) = postSolution
		{2A3D90C6-CAFB-4619-BB54-9C045A22CD40}.Debug|Any CPU.ActiveCfg = Debug|Any CPU
		{2A3D90C6-CAFB-4619-BB54-9C045A22CD40}.Debug|Any CPU.Build.0 = Debug|Any CPU
		{2A3D90C6-CAFB-4619-BB54-9C045A22CD40}.Release|Any CPU.ActiveCfg = Release|Any CPU
		{2A3D90C6-CAFB-4619-BB54-9C045A22CD40}.Release|Any CPU.Build.0 = Release|Any CPU
		{D0B91126-2C3C-4F14-AE4C-8D3A9DB5F48F}.Debug|Any CPU.ActiveCfg = Debug|Any CPU
		{D0B91126-2C3C-4F14-AE4C-8D3A9DB5F48F}.Debug|Any CPU.Build.0 = Debug|Any CPU
		{D0B91126-2C3C-4F14-AE4C-8D3A9DB5F48F}.Release|Any CPU.ActiveCfg = Release|Any CPU
		{D0B91126-2C3C-4F14-AE4C-8D3A9DB5F48F}.Release|Any CPU.Build.0 = Release|Any CPU
		{01BBD002-3F1C-4E36-B71A-829C34B1DAD0}.Debug|Any CPU.ActiveCfg = Debug|Any CPU
		{01BBD002-3F1C-4E36-B71A-829C34B1DAD0}.Debug|Any CPU.Build.0 = Debug|Any CPU
		{01BBD002-3F1C-4E36-B71A-829C34B1DAD0}.Release|Any CPU.ActiveCfg = Release|Any CPU
		{01BBD002-3F1C-4E36-B71A-829C34B1DAD0}.Release|Any CPU.Build.0 = Release|Any CPU
	EndGlobalSection
	GlobalSection(SolutionProperties) = preSolution
		HideSolutionNode = FALSE
	EndGlobalSection
	GlobalSection(ExtensibilityGlobals) = postSolution
		SolutionGuid = {9228537D-723D-4CEF-97B4-25F229803F75}
	EndGlobalSection
EndGlobal
