Microsoft Visual Studio Solution File, Format Version 12.00
# Visual Studio 15
VisualStudioVersion = 15.0.27130.2027
MinimumVisualStudioVersion = 15.0.26124.0
Project("{9A19103F-16F7-4668-BE54-9A1E7A4F7556}") = "TimeTracker.Timesheet.Server", "TimeTracker.Timesheet.Server\TimeTracker.Timesheet.Server.csproj", "{4895BD45-6411-4BED-887D-A0AC1833D580}"
EndProject
Project("{9A19103F-16F7-4668-BE54-9A1E7A4F7556}") = "TimeTracker.Timesheet.App", "TimeTracker.Timesheet.App\TimeTracker.Timesheet.App.csproj", "{2E0292F3-E03D-47D8-A9ED-6585DD352A3B}"
EndProject
Global
	GlobalSection(SolutionConfigurationPlatforms) = preSolution
		Debug|Any CPU = Debug|Any CPU
		Debug|x64 = Debug|x64
		Debug|x86 = Debug|x86
		Release|Any CPU = Release|Any CPU
		Release|x64 = Release|x64
		Release|x86 = Release|x86
	EndGlobalSection
	GlobalSection(ProjectConfigurationPlatforms) = postSolution
		{2E0292F3-E03D-47D8-A9ED-6585DD352A3B}.Debug|Any CPU.ActiveCfg = Debug|Any CPU
		{2E0292F3-E03D-47D8-A9ED-6585DD352A3B}.Debug|Any CPU.Build.0 = Debug|Any CPU
		{2E0292F3-E03D-47D8-A9ED-6585DD352A3B}.Debug|x64.ActiveCfg = Debug|Any CPU
		{2E0292F3-E03D-47D8-A9ED-6585DD352A3B}.Debug|x64.Build.0 = Debug|Any CPU
		{2E0292F3-E03D-47D8-A9ED-6585DD352A3B}.Debug|x86.ActiveCfg = Debug|Any CPU
		{2E0292F3-E03D-47D8-A9ED-6585DD352A3B}.Debug|x86.Build.0 = Debug|Any CPU
		{2E0292F3-E03D-47D8-A9ED-6585DD352A3B}.Release|Any CPU.ActiveCfg = Release|Any CPU
		{2E0292F3-E03D-47D8-A9ED-6585DD352A3B}.Release|Any CPU.Build.0 = Release|Any CPU
		{2E0292F3-E03D-47D8-A9ED-6585DD352A3B}.Release|x64.ActiveCfg = Release|Any CPU
		{2E0292F3-E03D-47D8-A9ED-6585DD352A3B}.Release|x64.Build.0 = Release|Any CPU
		{2E0292F3-E03D-47D8-A9ED-6585DD352A3B}.Release|x86.ActiveCfg = Release|Any CPU
		{2E0292F3-E03D-47D8-A9ED-6585DD352A3B}.Release|x86.Build.0 = Release|Any CPU
		{4895BD45-6411-4BED-887D-A0AC1833D580}.Debug|Any CPU.ActiveCfg = Debug|Any CPU
		{4895BD45-6411-4BED-887D-A0AC1833D580}.Debug|Any CPU.Build.0 = Debug|Any CPU
		{4895BD45-6411-4BED-887D-A0AC1833D580}.Debug|x64.ActiveCfg = Debug|Any CPU
		{4895BD45-6411-4BED-887D-A0AC1833D580}.Debug|x64.Build.0 = Debug|Any CPU
		{4895BD45-6411-4BED-887D-A0AC1833D580}.Debug|x86.ActiveCfg = Debug|Any CPU
		{4895BD45-6411-4BED-887D-A0AC1833D580}.Debug|x86.Build.0 = Debug|Any CPU
		{4895BD45-6411-4BED-887D-A0AC1833D580}.Release|Any CPU.ActiveCfg = Release|Any CPU
		{4895BD45-6411-4BED-887D-A0AC1833D580}.Release|Any CPU.Build.0 = Release|Any CPU
		{4895BD45-6411-4BED-887D-A0AC1833D580}.Release|x64.ActiveCfg = Release|Any CPU
		{4895BD45-6411-4BED-887D-A0AC1833D580}.Release|x64.Build.0 = Release|Any CPU
		{4895BD45-6411-4BED-887D-A0AC1833D580}.Release|x86.ActiveCfg = Release|Any CPU
		{4895BD45-6411-4BED-887D-A0AC1833D580}.Release|x86.Build.0 = Release|Any CPU
	EndGlobalSection
	GlobalSection(SolutionProperties) = preSolution
		HideSolutionNode = FALSE
	EndGlobalSection
	GlobalSection(ExtensibilityGlobals) = postSolution
		SolutionGuid = {6A281973-1B36-4CCC-86F0-CF97E214BC6F}
	EndGlobalSection
EndGlobal
